
Microsoft Visual Studio Solution File, Format Version 12.00
# Visual Studio Version 17
VisualStudioVersion = 17.5.33530.505
MinimumVisualStudioVersion = 10.0.40219.1
Project("{8BC9CEB8-8B4A-11D0-8D11-00A0C91BC942}") = "ConsoleApplication1", "ConsoleApplication1\ConsoleApplication1.vcxproj", "{76464899-9221-4D78-8967-B4714D9703EB}"
EndProject
Global
	GlobalSection(SolutionConfigurationPlatforms) = preSolution
		Debug|x64 = Debug|x64
		Debug|x86 = Debug|x86
		Release|x64 = Release|x64
		Release|x86 = Release|x86
	EndGlobalSection
	GlobalSection(ProjectConfigurationPlatforms) = postSolution
		{76464899-9221-4D78-8967-B4714D9703EB}.Debug|x64.ActiveCfg = Debug|x64
		{76464899-9221-4D78-8967-B4714D9703EB}.Debug|x64.Build.0 = Debug|x64
		{76464899-9221-4D78-8967-B4714D9703EB}.Debug|x86.ActiveCfg = Debug|Win32
		{76464899-9221-4D78-8967-B4714D9703EB}.Debug|x86.Build.0 = Debug|Win32
		{76464899-9221-4D78-8967-B4714D9703EB}.Release|x64.ActiveCfg = Release|x64
		{76464899-9221-4D78-8967-B4714D9703EB}.Release|x64.Build.0 = Release|x64
		{76464899-9221-4D78-8967-B4714D9703EB}.Release|x86.ActiveCfg = Release|Win32
		{76464899-9221-4D78-8967-B4714D9703EB}.Release|x86.Build.0 = Release|Win32
	EndGlobalSection
	GlobalSection(SolutionProperties) = preSolution
		HideSolutionNode = FALSE
	EndGlobalSection
	GlobalSection(ExtensibilityGlobals) = postSolution
		SolutionGuid = {FCA44B23-A667-49EE-B2EA-0EB209EF9B34}
	EndGlobalSection
EndGlobal
